
Microsoft Visual Studio Solution File, Format Version 12.00
# Visual Studio Version 16
VisualStudioVersion = 16.0.30611.23
MinimumVisualStudioVersion = 10.0.40219.1
Project("{FAE04EC0-301F-11D3-BF4B-00C04F79EFBC}") = "UniversityLibraryApp", "UniversityLibraryApp\UniversityLibraryApp.csproj", "{54174F33-6F92-469F-AF5C-40123239556B}"
EndProject
Global
	GlobalSection(SolutionConfigurationPlatforms) = preSolution
		Debug|Any CPU = Debug|Any CPU
		Release|Any CPU = Release|Any CPU
	EndGlobalSection
	GlobalSection(ProjectConfigurationPlatforms) = postSolution
		{54174F33-6F92-469F-AF5C-40123239556B}.Debug|Any CPU.ActiveCfg = Debug|Any CPU
		{54174F33-6F92-469F-AF5C-40123239556B}.Debug|Any CPU.Build.0 = Debug|Any CPU
		{54174F33-6F92-469F-AF5C-40123239556B}.Release|Any CPU.ActiveCfg = Release|Any CPU
		{54174F33-6F92-469F-AF5C-40123239556B}.Release|Any CPU.Build.0 = Release|Any CPU
	EndGlobalSection
	GlobalSection(SolutionProperties) = preSolution
		HideSolutionNode = FALSE
	EndGlobalSection
	GlobalSection(ExtensibilityGlobals) = postSolution
		SolutionGuid = {15B1D447-2776-4D97-B5F7-B8CD66994E1D}
	EndGlobalSection
EndGlobal
